<?xml version="1.0" encoding="utf-8"?>
<Project ToolsVersion="4.0" xmlns="http://schemas.microsoft.com/developer/msbuild/2003">
  <ItemGroup>
    <Filter Include="Source Files">
      <UniqueIdentifier>{4FC737F1-C7A5-4376-A066-2A32D752A2FF}</UniqueIdentifier>
      <Extensions>cpp;c;cc;cxx;c++;def;odl;idl;hpj;bat;asm;asmx</Extensions>
    </Filter>
    <Filter Include="Header Files">
      <UniqueIdentifier>{815a1ac3-59c8-44d7-b64e-eb06f1281597}</UniqueIdentifier>
    </Filter>
  </ItemGroup>
  <ItemGroup>
    <ClCompile Include="main.cpp">
      <Filter>Source Files</Filter>
    </ClCompile>
    <ClCompile Include="..\DBI\dbi_framework.cpp">
      <Filter>Source Files</Filter>
    </ClCompile>
    <ClCompile Include="..\DBI\dbi_host.cpp">
      <Filter>Source Files</Filter>
    </ClCompile>
    <ClCompile Include="..\DBI\dynamic_binary_instrumentor.cpp">
      <Filter>Source Files</Filter>
    </ClCompile>
    <ClCompile Include="..\DBI\external_process_instrumentor.cpp">
      <Filter>Source Files</Filter>
    </ClCompile>
    <ClCompile Include="..\DBI\live_patch_framework.cpp">
      <Filter>Source Files</Filter>
    </ClCompile>
    <ClCompile Include="..\DBI\plugin_manager.cpp">
      <Filter>Source Files</Filter>
    </ClCompile>
  </ItemGroup>
  <ItemGroup>
    <ClInclude Include="Offsets.hpp" />
  </ItemGroup>
</Project>